
Microsoft Visual Studio Solution File, Format Version 12.00
# Visual Studio Version 17
VisualStudioVersion = 17.2.32630.192
MinimumVisualStudioVersion = 10.0.40219.1
Project("{FAE04EC0-301F-11D3-BF4B-00C04F79EFBC}") = "Api", "Api\Api.csproj", "{A453BB99-1AAB-497C-9842-5F5777509593}"
EndProject
Project("{2150E333-8FDC-42A3-9474-1A3956D46DE8}") = "Solution Items", "Solution Items", "{D7F59C9A-AB4D-49C4-85D7-E9B42C7F5273}"
	ProjectSection(SolutionItems) = preProject
		docker-compose.yml = docker-compose.yml
		Dockerfile = Dockerfile
		prometheus.yml = prometheus.yml
	EndProjectSection
EndProject
Global
	GlobalSection(SolutionConfigurationPlatforms) = preSolution
		Debug|Any CPU = Debug|Any CPU
		Release|Any CPU = Release|Any CPU
	EndGlobalSection
	GlobalSection(ProjectConfigurationPlatforms) = postSolution
		{A453BB99-1AAB-497C-9842-5F5777509593}.Debug|Any CPU.ActiveCfg = Debug|Any CPU
		{A453BB99-1AAB-497C-9842-5F5777509593}.Debug|Any CPU.Build.0 = Debug|Any CPU
		{A453BB99-1AAB-497C-9842-5F5777509593}.Release|Any CPU.ActiveCfg = Release|Any CPU
		{A453BB99-1AAB-497C-9842-5F5777509593}.Release|Any CPU.Build.0 = Release|Any CPU
	EndGlobalSection
	GlobalSection(SolutionProperties) = preSolution
		HideSolutionNode = FALSE
	EndGlobalSection
	GlobalSection(ExtensibilityGlobals) = postSolution
		SolutionGuid = {43F007E8-94F7-45A9-97CD-4A4DCCEDB46E}
	EndGlobalSection
EndGlobal
